{
  "version": 4,
  "terraform_version": "1.16.2",
  "serial": 39,
  "lineage": "3ae608f5-44b2-f6fa-9292-5fb9e7a517d7",
  "outputs": {
    "bastion_public_ip": {
      "value": "43.201.35.115",
      "type": "string"
    },
    "command_for_bastion_host": {
      "value": "ssh -i my-eks-5-key.pem ubuntu@43.201.35.115",
      "type": "string"
    },
    "command_for_jump_host": {
      "value": "ssh -i my-eks-5-key.pem -o ProxyCommand=\"ssh -i my-eks-5-key.pem -W %h:%p ubuntu@43.201.35.115\" ubuntu@10.0.11.54",
      "type": "string"
    },
    "private_ec2_ip": {
      "value": "10.0.11.54",
      "type": "string"
    },
    "vpc_id": {
      "value": "vpc-023194704e7569d69",
      "type": "string"
    }
  },
  "resources": [
    {
      "mode": "data",
      "type": "aws_ami",
      "name": "ubuntu_24_04",
      "provider": "provider[\"registry.terraform.io/hashicorp/aws\"]",
      "instances": [
        {
          "schema_version": 0,
          "attributes": {
            "architecture": "x86_64",
            "arn": "arn:aws:ec2:ap-northeast-2::image/ami-086a43496cb46286c",
            "block_device_mappings": [
              {
                "device_name": "/dev/sda1",
                "ebs": {
                  "delete_on_termination": "true",
                  "encrypted": "false",
                  "iops": "0",
                  "snapshot_id": "snap-048e43c7b7bbb55fa",
                  "throughput": "0",
                  "volume_initialization_rate": "0",
                  "volume_size": "8",
                  "volume_type": "gp3"
                },
                "no_device": "",
                "virtual_name": ""
              },
              {
                "device_name": "/dev/sdb",
                "ebs": {},
                "no_device": "",
                "virtual_name": "ephemeral0"
              },
              {
                "device_name": "/dev/sdc",
                "ebs": {},
                "no_device": "",
                "virtual_name": "ephemeral1"
              }
            ],
            "boot_mode": "uefi-preferred",
            "creation_date": "2026-09-04T11:45:57.000Z",
            "deprecation_time": "2028-09-04T11:45:57.000Z",
            "description": "Canonical, Ubuntu, 24.04, amd64 noble image",
            "ena_support": true,
            "executable_users": null,
            "filter": [
              {
                "name": "name",
                "values": [
                  "ubuntu/images/hvm-ssd-gp3/ubuntu-noble-24.04-amd64-server-*"
                ]
              },
              {
                "name": "virtualization-type",
                "values": [
                  "hvm"
                ]
              }
            ],
            "hypervisor": "xen",
            "id": "ami-086a43496cb46286c",
            "image_id": "ami-086a43496cb46286c",
            "image_location": "amazon/ubuntu/images/hvm-ssd-gp3/ubuntu-noble-24.04-amd64-server-20260904",
            "image_owner_alias": "amazon",
            "image_type": "machine",
            "imds_support": "v2.0",
            "include_deprecated": false,
            "kernel_id": "",
            "last_launched_time": "",
            "most_recent": true,
            "name": "ubuntu/images/hvm-ssd-gp3/ubuntu-noble-24.04-amd64-server-20260904",
            "name_regex": null,
            "owner_id": "099720109477",
            "owners": [
              "099720109477"
            ],
            "platform": "",
            "platform_details": "Linux/UNIX",
            "product_codes": [],
            "public": true,
            "ramdisk_id": "",
            "root_device_name": "/dev/sda1",
            "root_device_type": "ebs",
            "root_snapshot_id": "snap-048e43c7b7bbb55fa",
            "sriov_net_support": "simple",
            "state": "available",
            "state_reason": {
              "code": "UNSET",
              "message": "UNSET"
            },
            "tags": {},
            "timeouts": null,
            "tpm_support": "",
            "uefi_data": null,
            "usage_operation": "RunInstances",
            "virtualization_type": "hvm"
          },
          "sensitive_attributes": [],
          "identity_schema_version": 0
        }
      ]
    },
    {
      "mode": "data",
      "type": "aws_availability_zones",
      "name": "available",
      "provider": "provider[\"registry.terraform.io/hashicorp/aws\"]",
      "instances": [
        {
          "schema_version": 0,
          "attributes": {
            "all_availability_zones": null,
            "exclude_names": null,
            "exclude_zone_ids": null,
            "filter": null,
            "group_names": [
              "ap-northeast-2-zg-1"
            ],
            "id": "ap-northeast-2",
            "names": [
              "ap-northeast-2a",
              "ap-northeast-2b",
              "ap-northeast-2c",
              "ap-northeast-2d"
            ],
            "state": "available",
            "timeouts": null,
            "zone_ids": [
              "apne2-az1",
              "apne2-az2",
              "apne2-az3",
              "apne2-az4"
            ]
          },
          "sensitive_attributes": [],
          "identity_schema_version": 0
        }
      ]
    },
    {
      "mode": "managed",
      "type": "aws_eip",
      "name": "nat_eip",
      "provider": "provider[\"registry.terraform.io/hashicorp/aws\"]",
      "instances": [
        {
          "schema_version": 0,
          "attributes": {
            "address": null,
            "allocation_id": "eipalloc-07bdd7ef69402955b",
            "arn": "arn:aws:ec2:ap-northeast-2:916491575739:elastic-ip/eipalloc-07bdd7ef69402955b",
            "associate_with_private_ip": null,
            "association_id": "eipassoc-0d40a16fb73d6eb2c",
            "carrier_ip": "",
            "customer_owned_ip": "",
            "customer_owned_ipv4_pool": "",
            "domain": "vpc",
            "id": "eipalloc-07bdd7ef69402955b",
            "instance": "",
            "ipam_pool_id": null,
            "network_border_group": "ap-northeast-2",
            "network_interface": "eni-06e39f6d6fec9d093",
            "private_dns": "ip-10-0-1-180.ap-northeast-2.compute.internal",
            "private_ip": "10.0.1.180",
            "ptr_record": "",
            "public_dns": "ec2-3-35-180-0.ap-northeast-2.compute.amazonaws.com",
            "public_ip": "3.35.180.0",
            "public_ipv4_pool": "amazon",
            "tags": {
              "Name": "my-eks-5-nat-eip"
            },
            "tags_all": {
              "Name": "my-eks-5-nat-eip"
            },
            "timeouts": null,
            "vpc": true
          },
          "sensitive_attributes": [],
          "identity_schema_version": 0,
          "private": "eyJlMmJmYjczMC1lY2FhLTExZTYtOGY4OC0zNDM2M2JjN2M0YzAiOnsiZGVsZXRlIjoxODAwMDAwMDAwMDAsInJlYWQiOjkwMDAwMDAwMDAwMCwidXBkYXRlIjozMDAwMDAwMDAwMDB9fQ==",
          "dependencies": [
            "aws_internet_gateway.igw",
            "aws_vpc.main"
          ]
        }
      ]
    },
    {
      "mode": "managed",
      "type": "aws_instance",
      "name": "bastion",
      "provider": "provider[\"registry.terraform.io/hashicorp/aws\"]",
      "instances": [
        {
          "schema_version": 1,
          "attributes": {
            "ami": "ami-086a43496cb46286c",
            "arn": "arn:aws:ec2:ap-northeast-2:916491575739:instance/i-0c419f508c1f46528",
            "associate_public_ip_address": true,
            "availability_zone": "ap-northeast-2a",
            "capacity_reservation_specification": [
              {
                "capacity_reservation_preference": "open",
                "capacity_reservation_target": []
              }
            ],
            "cpu_core_count": 1,
            "cpu_options": [
              {
                "amd_sev_snp": "",
                "core_count": 1,
                "threads_per_core": 2
              }
            ],
            "cpu_threads_per_core": 2,
            "credit_specification": [
              {
                "cpu_credits": "unlimited"
              }
            ],
            "disable_api_stop": false,
            "disable_api_termination": false,
            "ebs_block_device": [],
            "ebs_optimized": false,
            "enable_primary_ipv6": null,
            "enclave_options": [
              {
                "enabled": false
              }
            ],
            "ephemeral_block_device": [],
            "get_password_data": false,
            "hibernation": false,
            "host_id": "",
            "host_resource_group_arn": null,
            "iam_instance_profile": "",
            "id": "i-0c419f508c1f46528",
            "instance_initiated_shutdown_behavior": "stop",
            "instance_lifecycle": "",
            "instance_market_options": [],
            "instance_state": "running",
            "instance_type": "t3.micro",
            "ipv6_address_count": 0,
            "ipv6_addresses": [],
            "key_name": "my-eks-5-key-5",
            "launch_template": [],
            "maintenance_options": [
              {
                "auto_recovery": "default"
              }
            ],
            "metadata_options": [
              {
                "http_endpoint": "enabled",
                "http_protocol_ipv6": "disabled",
                "http_put_response_hop_limit": 2,
                "http_tokens": "required",
                "instance_metadata_tags": "disabled"
              }
            ],
            "monitoring": false,
            "network_interface": [],
            "outpost_arn": "",
            "password_data": "",
            "placement_group": "",
            "placement_partition_number": 0,
            "primary_network_interface_id": "eni-09ae5551168e58af7",
            "private_dns": "ip-10-0-1-247.ap-northeast-2.compute.internal",
            "private_dns_name_options": [
              {
                "enable_resource_name_dns_a_record": false,
                "enable_resource_name_dns_aaaa_record": false,
                "hostname_type": "ip-name"
              }
            ],
            "private_ip": "10.0.1.247",
            "public_dns": "ec2-43-201-35-115.ap-northeast-2.compute.amazonaws.com",
            "public_ip": "43.201.35.115",
            "root_block_device": [
              {
                "delete_on_termination": true,
                "device_name": "/dev/sda1",
                "encrypted": true,
                "iops": 3000,
                "kms_key_id": "arn:aws:kms:ap-northeast-2:916491575739:key/a5f76d96-0db7-4a4f-b7ae-af7ae3ed218d",
                "tags": {
                  "Name": "my-eks-5-bastion-ebs-5"
                },
                "tags_all": {
                  "Name": "my-eks-5-bastion-ebs-5"
                },
                "throughput": 125,
                "volume_id": "vol-0ab54e72baed04177",
                "volume_size": 8,
                "volume_type": "gp3"
              }
            ],
            "secondary_private_ips": [],
            "security_groups": [],
            "source_dest_check": true,
            "spot_instance_request_id": "",
            "subnet_id": "subnet-007a85d1e95026eab",
            "tags": {
              "Name": "my-eks-5-bastion-host-5"
            },
            "tags_all": {
              "Name": "my-eks-5-bastion-host-5"
            },
            "tenancy": "default",
            "timeouts": null,
            "user_data": null,
            "user_data_base64": null,
            "user_data_replace_on_change": false,
            "volume_tags": null,
            "vpc_security_group_ids": [
              "sg-02d1f5cd906fcf556"
            ]
          },
          "sensitive_attributes": [],
          "identity_schema_version": 0,
          "private": "eyJlMmJmYjczMC1lY2FhLTExZTYtOGY4OC0zNDM2M2JjN2M0YzAiOnsiY3JlYXRlIjo2MDAwMDAwMDAwMDAsImRlbGV0ZSI6MTIwMDAwMDAwMDAwMCwicmVhZCI6OTAwMDAwMDAwMDAwLCJ1cGRhdGUiOjYwMDAwMDAwMDAwMH0sInNjaGVtYV92ZXJzaW9uIjoiMSJ9",
          "dependencies": [
            "aws_key_pair.key_pair",
            "aws_security_group.bastion",
            "aws_subnet.public",
            "aws_vpc.main",
            "data.aws_ami.ubuntu_24_04",
            "data.aws_availability_zones.available",
            "tls_private_key.ssh_key"
          ]
        }
      ]
    },
    {
      "mode": "managed",
      "type": "aws_instance",
      "name": "private",
      "provider": "provider[\"registry.terraform.io/hashicorp/aws\"]",
      "instances": [
        {
          "schema_version": 1,
          "attributes": {
            "ami": "ami-086a43496cb46286c",
            "arn": "arn:aws:ec2:ap-northeast-2:916491575739:instance/i-04e4fbf091412b38a",
            "associate_public_ip_address": false,
            "availability_zone": "ap-northeast-2a",
            "capacity_reservation_specification": [
              {
                "capacity_reservation_preference": "open",
                "capacity_reservation_target": []
              }
            ],
            "cpu_core_count": 1,
            "cpu_options": [
              {
                "amd_sev_snp": "",
                "core_count": 1,
                "threads_per_core": 2
              }
            ],
            "cpu_threads_per_core": 2,
            "credit_specification": [
              {
                "cpu_credits": "unlimited"
              }
            ],
            "disable_api_stop": false,
            "disable_api_termination": false,
            "ebs_block_device": [],
            "ebs_optimized": false,
            "enable_primary_ipv6": null,
            "enclave_options": [
              {
                "enabled": false
              }
            ],
            "ephemeral_block_device": [],
            "get_password_data": false,
            "hibernation": false,
            "host_id": "",
            "host_resource_group_arn": null,
            "iam_instance_profile": "",
            "id": "i-04e4fbf091412b38a",
            "instance_initiated_shutdown_behavior": "stop",
            "instance_lifecycle": "",
            "instance_market_options": [],
            "instance_state": "running",
            "instance_type": "t3.micro",
            "ipv6_address_count": 0,
            "ipv6_addresses": [],
            "key_name": "my-eks-5-key-5",
            "launch_template": [],
            "maintenance_options": [
              {
                "auto_recovery": "default"
              }
            ],
            "metadata_options": [
              {
                "http_endpoint": "enabled",
                "http_protocol_ipv6": "disabled",
                "http_put_response_hop_limit": 2,
                "http_tokens": "required",
                "instance_metadata_tags": "disabled"
              }
            ],
            "monitoring": false,
            "network_interface": [],
            "outpost_arn": "",
            "password_data": "",
            "placement_group": "",
            "placement_partition_number": 0,
            "primary_network_interface_id": "eni-07bfbf885b48812b5",
            "private_dns": "ip-10-0-11-54.ap-northeast-2.compute.internal",
            "private_dns_name_options": [
              {
                "enable_resource_name_dns_a_record": false,
                "enable_resource_name_dns_aaaa_record": false,
                "hostname_type": "ip-name"
              }
            ],
            "private_ip": "10.0.11.54",
            "public_dns": "",
            "public_ip": "",
            "root_block_device": [
              {
                "delete_on_termination": true,
                "device_name": "/dev/sda1",
                "encrypted": true,
                "iops": 3000,
                "kms_key_id": "arn:aws:kms:ap-northeast-2:916491575739:key/a5f76d96-0db7-4a4f-b7ae-af7ae3ed218d",
                "tags": {
                  "Name": "my-eks-5-private-ec2-ebs-5"
                },
                "tags_all": {
                  "Name": "my-eks-5-private-ec2-ebs-5"
                },
                "throughput": 125,
                "volume_id": "vol-09db7b0e663e031ba",
                "volume_size": 8,
                "volume_type": "gp3"
              }
            ],
            "secondary_private_ips": [],
            "security_groups": [],
            "source_dest_check": true,
            "spot_instance_request_id": "",
            "subnet_id": "subnet-0a855a0963eb5876d",
            "tags": {
              "Name": "my-eks-5-private-ec2-5"
            },
            "tags_all": {
              "Name": "my-eks-5-private-ec2-5"
            },
            "tenancy": "default",
            "timeouts": null,
            "user_data": null,
            "user_data_base64": null,
            "user_data_replace_on_change": false,
            "volume_tags": null,
            "vpc_security_group_ids": [
              "sg-0058c7157e2f321f8"
            ]
          },
          "sensitive_attributes": [],
          "identity_schema_version": 0,
          "private": "eyJlMmJmYjczMC1lY2FhLTExZTYtOGY4OC0zNDM2M2JjN2M0YzAiOnsiY3JlYXRlIjo2MDAwMDAwMDAwMDAsImRlbGV0ZSI6MTIwMDAwMDAwMDAwMCwicmVhZCI6OTAwMDAwMDAwMDAwLCJ1cGRhdGUiOjYwMDAwMDAwMDAwMH0sInNjaGVtYV92ZXJzaW9uIjoiMSJ9",
          "dependencies": [
            "aws_key_pair.key_pair",
            "aws_security_group.bastion",
            "aws_security_group.private_ec2",
            "aws_subnet.private",
            "aws_vpc.main",
            "data.aws_ami.ubuntu_24_04",
            "data.aws_availability_zones.available",
            "tls_private_key.ssh_key"
          ]
        }
      ]
    },
    {
      "mode": "managed",
      "type": "aws_internet_gateway",
      "name": "igw",
      "provider": "provider[\"registry.terraform.io/hashicorp/aws\"]",
      "instances": [
        {
          "schema_version": 0,
          "attributes": {
            "arn": "arn:aws:ec2:ap-northeast-2:916491575739:internet-gateway/igw-0e68ba4ebfa84b117",
            "id": "igw-0e68ba4ebfa84b117",
            "owner_id": "916491575739",
            "tags": {
              "Names": "my-eks-5-igw"
            },
            "tags_all": {
              "Names": "my-eks-5-igw"
            },
            "timeouts": null,
            "vpc_id": "vpc-023194704e7569d69"
          },
          "sensitive_attributes": [],
          "identity_schema_version": 0,
          "private": "eyJlMmJmYjczMC1lY2FhLTExZTYtOGY4OC0zNDM2M2JjN2M0YzAiOnsiY3JlYXRlIjoxMjAwMDAwMDAwMDAwLCJkZWxldGUiOjEyMDAwMDAwMDAwMDAsInVwZGF0ZSI6MTIwMDAwMDAwMDAwMH19",
          "dependencies": [
            "aws_vpc.main"
          ]
        }
      ]
    },
    {
      "mode": "managed",
      "type": "aws_key_pair",
      "name": "key_pair",
      "provider": "provider[\"registry.terraform.io/hashicorp/aws\"]",
      "instances": [
        {
          "schema_version": 1,
          "attributes": {
            "arn": "arn:aws:ec2:ap-northeast-2:916491575739:key-pair/my-eks-5-key-5",
            "fingerprint": "16:25:73:c8:3f:f5:59:00:d4:00:30:ab:cf:7b:40:4f",
            "id": "my-eks-5-key-5",
            "key_name": "my-eks-5-key-5",
            "key_name_prefix": "",
            "key_pair_id": "key-03a775b1ad165b13c",
            "key_type": "rsa",
            "public_key": "ssh-rsa AAAAB3NzaC1yc2EAAAADAQABAAACAQDZ1mVbnVPV5X8JQ5MMN8bxrIj/n89CTgM9bP34J+r3RePUBwbewEupOJkKB6PkEiqnvz+wr/smVIRaE79/FiP0rDeuqxKNRg6i5b5m9f9pWzDHEpikb4OtYr67JTmmMiKF9IGuZWFG99XRssn+rUtT/+5SJfqCTtUgb72pATmVNUGoRc4tV/0YweSkFu2LftvpkV5q/s3GCKDqsMvuTVnd3hw2JcFLX/ZGRLn9rhH9pcojir38bhAsom9vaA4xbtWZ5QBTxRvBeTPd24kCS+Io11oGz+D/FuYCMEb8TIv5DDlrpNpCZifP8tY0zN45fUaewoq9ua96GFo0LiPfUZXTWL5d3jgV5LBZGqlqPBd2eK9C4URZGM39IpbC8OtNryZdrN+uGRxQBS8W17Xf1wViGGD73chf24KEvm0RFiYCgJ9Q0kCxLgSQkBCkepuXHrEbxqh0bI5y0otLc3BvGDdzjrmHcfyV37M9KasHuAt5SUoSqQeOXNV3IP+OMM6Vx+PGJdQpv9comylO+9c1eNi+d2Nef4Mkizc/IGxxCfsO2ts0K+Q+DS7g9WVoaEPVjOvj7IyrKfAyuMMA1Csd4fUIc5+iJgOUE1Zzza8XMumVTZpjw0jEr8YKcRP1bmzuhoh/fIxRG8w63qXAQN9+3Om3VPQIh4AiX+F18eLBxUiA1w==",
            "tags": null,
            "tags_all": {}
          },
          "sensitive_attributes": [],
          "identity_schema_version": 0,
          "private": "eyJzY2hlbWFfdmVyc2lvbiI6IjEifQ==",
          "dependencies": [
            "tls_private_key.ssh_key"
          ]
        }
      ]
    },
    {
      "mode": "managed",
      "type": "aws_nat_gateway",
      "name": "nat",
      "provider": "provider[\"registry.terraform.io/hashicorp/aws\"]",
      "instances": [
        {
          "schema_version": 0,
          "attributes": {
            "allocation_id": "eipalloc-07bdd7ef69402955b",
            "association_id": "eipassoc-0d40a16fb73d6eb2c",
            "connectivity_type": "public",
            "id": "nat-04c4ce04b1984693a",
            "network_interface_id": "eni-06e39f6d6fec9d093",
            "private_ip": "10.0.1.180",
            "public_ip": "3.35.180.0",
            "secondary_allocation_ids": [],
            "secondary_private_ip_address_count": 0,
            "secondary_private_ip_addresses": [],
            "subnet_id": "subnet-007a85d1e95026eab",
            "tags": {
              "Name": "my-eks-5-nat-gw"
            },
            "tags_all": {
              "Name": "my-eks-5-nat-gw"
            },
            "timeouts": null
          },
          "sensitive_attributes": [],
          "identity_schema_version": 0,
          "private": "eyJlMmJmYjczMC1lY2FhLTExZTYtOGY4OC0zNDM2M2JjN2M0YzAiOnsiY3JlYXRlIjo2MDAwMDAwMDAwMDAsImRlbGV0ZSI6MTgwMDAwMDAwMDAwMCwidXBkYXRlIjo2MDAwMDAwMDAwMDB9fQ==",
          "dependencies": [
            "aws_eip.nat_eip",
            "aws_internet_gateway.igw",
            "aws_subnet.public",
            "aws_vpc.main",
            "data.aws_availability_zones.available"
          ]
        }
      ]
    },
    {
      "mode": "managed",
      "type": "aws_route_table",
      "name": "private",
      "provider": "provider[\"registry.terraform.io/hashicorp/aws\"]",
      "instances": [
        {
          "schema_version": 0,
          "attributes": {
            "arn": "arn:aws:ec2:ap-northeast-2:916491575739:route-table/rtb-006e99f7b828ce333",
            "id": "rtb-006e99f7b828ce333",
            "owner_id": "916491575739",
            "propagating_vgws": [],
            "route": [
              {
                "carrier_gateway_id": "",
                "cidr_block": "0.0.0.0/0",
                "core_network_arn": "",
                "destination_prefix_list_id": "",
                "egress_only_gateway_id": "",
                "gateway_id": "nat-04c4ce04b1984693a",
                "ipv6_cidr_block": "",
                "local_gateway_id": "",
                "nat_gateway_id": "",
                "network_interface_id": "",
                "transit_gateway_id": "",
                "vpc_endpoint_id": "",
                "vpc_peering_connection_id": ""
              }
            ],
            "tags": {
              "Name": "my-eks-5-private-rt"
            },
            "tags_all": {
              "Name": "my-eks-5-private-rt"
            },
            "timeouts": null,
            "vpc_id": "vpc-023194704e7569d69"
          },
          "sensitive_attributes": [],
          "identity_schema_version": 0,
          "private": "eyJlMmJmYjczMC1lY2FhLTExZTYtOGY4OC0zNDM2M2JjN2M0YzAiOnsiY3JlYXRlIjozMDAwMDAwMDAwMDAsImRlbGV0ZSI6MzAwMDAwMDAwMDAwLCJ1cGRhdGUiOjEyMDAwMDAwMDAwMH19",
          "dependencies": [
            "aws_eip.nat_eip",
            "aws_internet_gateway.igw",
            "aws_nat_gateway.nat",
            "aws_subnet.public",
            "aws_vpc.main",
            "data.aws_availability_zones.available"
          ]
        }
      ]
    },
    {
      "mode": "managed",
      "type": "aws_route_table",
      "name": "public",
      "provider": "provider[\"registry.terraform.io/hashicorp/aws\"]",
      "instances": [
        {
          "schema_version": 0,
          "attributes": {
            "arn": "arn:aws:ec2:ap-northeast-2:916491575739:route-table/rtb-065472aec949dd753",
            "id": "rtb-065472aec949dd753",
            "owner_id": "916491575739",
            "propagating_vgws": [],
            "route": [
              {
                "carrier_gateway_id": "",
                "cidr_block": "0.0.0.0/0",
                "core_network_arn": "",
                "destination_prefix_list_id": "",
                "egress_only_gateway_id": "",
                "gateway_id": "igw-0e68ba4ebfa84b117",
                "ipv6_cidr_block": "",
                "local_gateway_id": "",
                "nat_gateway_id": "",
                "network_interface_id": "",
                "transit_gateway_id": "",
                "vpc_endpoint_id": "",
                "vpc_peering_connection_id": ""
              }
            ],
            "tags": {
              "Name": "my-eks-5-public-rt"
            },
            "tags_all": {
              "Name": "my-eks-5-public-rt"
            },
            "timeouts": null,
            "vpc_id": "vpc-023194704e7569d69"
          },
          "sensitive_attributes": [],
          "identity_schema_version": 0,
          "private": "eyJlMmJmYjczMC1lY2FhLTExZTYtOGY4OC0zNDM2M2JjN2M0YzAiOnsiY3JlYXRlIjozMDAwMDAwMDAwMDAsImRlbGV0ZSI6MzAwMDAwMDAwMDAwLCJ1cGRhdGUiOjEyMDAwMDAwMDAwMH19",
          "dependencies": [
            "aws_internet_gateway.igw",
            "aws_vpc.main"
          ]
        }
      ]
    },
    {
      "mode": "managed",
      "type": "aws_route_table_association",
      "name": "private",
      "provider": "provider[\"registry.terraform.io/hashicorp/aws\"]",
      "instances": [
        {
          "index_key": 0,
          "schema_version": 0,
          "attributes": {
            "gateway_id": "",
            "id": "rtbassoc-0f5b3f89ffa6d059b",
            "route_table_id": "rtb-006e99f7b828ce333",
            "subnet_id": "subnet-0a855a0963eb5876d",
            "timeouts": null
          },
          "sensitive_attributes": [],
          "identity_schema_version": 0,
          "private": "eyJlMmJmYjczMC1lY2FhLTExZTYtOGY4OC0zNDM2M2JjN2M0YzAiOnsiY3JlYXRlIjozMDAwMDAwMDAwMDAsImRlbGV0ZSI6MzAwMDAwMDAwMDAwLCJ1cGRhdGUiOjEyMDAwMDAwMDAwMH19",
          "dependencies": [
            "aws_eip.nat_eip",
            "aws_internet_gateway.igw",
            "aws_nat_gateway.nat",
            "aws_route_table.private",
            "aws_subnet.private",
            "aws_subnet.public",
            "aws_vpc.main",
            "data.aws_availability_zones.available"
          ]
        },
        {
          "index_key": 1,
          "schema_version": 0,
          "attributes": {
            "gateway_id": "",
            "id": "rtbassoc-06b2aacbbce4f1e1a",
            "route_table_id": "rtb-006e99f7b828ce333",
            "subnet_id": "subnet-079467ab7a480a790",
            "timeouts": null
          },
          "sensitive_attributes": [],
          "identity_schema_version": 0,
          "private": "eyJlMmJmYjczMC1lY2FhLTExZTYtOGY4OC0zNDM2M2JjN2M0YzAiOnsiY3JlYXRlIjozMDAwMDAwMDAwMDAsImRlbGV0ZSI6MzAwMDAwMDAwMDAwLCJ1cGRhdGUiOjEyMDAwMDAwMDAwMH19",
          "dependencies": [
            "aws_eip.nat_eip",
            "aws_internet_gateway.igw",
            "aws_nat_gateway.nat",
            "aws_route_table.private",
            "aws_subnet.private",
            "aws_subnet.public",
            "aws_vpc.main",
            "data.aws_availability_zones.available"
          ]
        }
      ]
    },
    {
      "mode": "managed",
      "type": "aws_route_table_association",
      "name": "public",
      "provider": "provider[\"registry.terraform.io/hashicorp/aws\"]",
      "instances": [
        {
          "index_key": 0,
          "schema_version": 0,
          "attributes": {
            "gateway_id": "",
            "id": "rtbassoc-06bc44d2717f29682",
            "route_table_id": "rtb-065472aec949dd753",
            "subnet_id": "subnet-007a85d1e95026eab",
            "timeouts": null
          },
          "sensitive_attributes": [],
          "identity_schema_version": 0,
          "private": "eyJlMmJmYjczMC1lY2FhLTExZTYtOGY4OC0zNDM2M2JjN2M0YzAiOnsiY3JlYXRlIjozMDAwMDAwMDAwMDAsImRlbGV0ZSI6MzAwMDAwMDAwMDAwLCJ1cGRhdGUiOjEyMDAwMDAwMDAwMH19",
          "dependencies": [
            "aws_internet_gateway.igw",
            "aws_route_table.public",
            "aws_subnet.public",
            "aws_vpc.main",
            "data.aws_availability_zones.available"
          ]
        },
        {
          "index_key": 1,
          "schema_version": 0,
          "attributes": {
            "gateway_id": "",
            "id": "rtbassoc-0ce295408b7093fd9",
            "route_table_id": "rtb-065472aec949dd753",
            "subnet_id": "subnet-0573561b38fa1c21d",
            "timeouts": null
          },
          "sensitive_attributes": [],
          "identity_schema_version": 0,
          "private": "eyJlMmJmYjczMC1lY2FhLTExZTYtOGY4OC0zNDM2M2JjN2M0YzAiOnsiY3JlYXRlIjozMDAwMDAwMDAwMDAsImRlbGV0ZSI6MzAwMDAwMDAwMDAwLCJ1cGRhdGUiOjEyMDAwMDAwMDAwMH19",
          "dependencies": [
            "aws_internet_gateway.igw",
            "aws_route_table.public",
            "aws_subnet.public",
            "aws_vpc.main",
            "data.aws_availability_zones.available"
          ]
        }
      ]
    },
    {
      "mode": "managed",
      "type": "aws_security_group",
      "name": "bastion",
      "provider": "provider[\"registry.terraform.io/hashicorp/aws\"]",
      "instances": [
        {
          "schema_version": 1,
          "attributes": {
            "arn": "arn:aws:ec2:ap-northeast-2:916491575739:security-group/sg-02d1f5cd906fcf556",
            "description": "Allow SSH inbound traffic",
            "egress": [
              {
                "cidr_blocks": [
                  "0.0.0.0/0"
                ],
                "description": "Allow all outbound",
                "from_port": 0,
                "ipv6_cidr_blocks": [],
                "prefix_list_ids": [],
                "protocol": "-1",
                "security_groups": [],
                "self": false,
                "to_port": 0
              }
            ],
            "id": "sg-02d1f5cd906fcf556",
            "ingress": [
              {
                "cidr_blocks": [
                  "0.0.0.0/0"
                ],
                "description": "SSH from authorized ip",
                "from_port": 22,
                "ipv6_cidr_blocks": [],
                "prefix_list_ids": [],
                "protocol": "tcp",
                "security_groups": [],
                "self": false,
                "to_port": 22
              }
            ],
            "name": "my-eks-5-bastion-sg-5",
            "name_prefix": "",
            "owner_id": "916491575739",
            "revoke_rules_on_delete": false,
            "tags": {
              "Name": "my-eks-5-bastion-sg"
            },
            "tags_all": {
              "Name": "my-eks-5-bastion-sg"
            },
            "timeouts": null,
            "vpc_id": "vpc-023194704e7569d69"
          },
          "sensitive_attributes": [],
          "identity_schema_version": 0,
          "private": "eyJlMmJmYjczMC1lY2FhLTExZTYtOGY4OC0zNDM2M2JjN2M0YzAiOnsiY3JlYXRlIjo2MDAwMDAwMDAwMDAsImRlbGV0ZSI6OTAwMDAwMDAwMDAwfSwic2NoZW1hX3ZlcnNpb24iOiIxIn0=",
          "dependencies": [
            "aws_vpc.main"
          ]
        }
      ]
    },
    {
      "mode": "managed",
      "type": "aws_security_group",
      "name": "private_ec2",
      "provider": "provider[\"registry.terraform.io/hashicorp/aws\"]",
      "instances": [
        {
          "schema_version": 1,
          "attributes": {
            "arn": "arn:aws:ec2:ap-northeast-2:916491575739:security-group/sg-0058c7157e2f321f8",
            "description": "Allow from Bastion SG",
            "egress": [
              {
                "cidr_blocks": [
                  "0.0.0.0/0"
                ],
                "description": "Allow all outbound",
                "from_port": 0,
                "ipv6_cidr_blocks": [],
                "prefix_list_ids": [],
                "protocol": "-1",
                "security_groups": [],
                "self": false,
                "to_port": 0
              }
            ],
            "id": "sg-0058c7157e2f321f8",
            "ingress": [
              {
                "cidr_blocks": [],
                "description": "SSH from Bastion Host",
                "from_port": 22,
                "ipv6_cidr_blocks": [],
                "prefix_list_ids": [],
                "protocol": "tcp",
                "security_groups": [
                  "sg-02d1f5cd906fcf556"
                ],
                "self": false,
                "to_port": 22
              }
            ],
            "name": "my-eks-5-private-ec2-sg",
            "name_prefix": "",
            "owner_id": "916491575739",
            "revoke_rules_on_delete": false,
            "tags": {
              "Name": "my-eks-5-private_ec2"
            },
            "tags_all": {
              "Name": "my-eks-5-private_ec2"
            },
            "timeouts": null,
            "vpc_id": "vpc-023194704e7569d69"
          },
          "sensitive_attributes": [],
          "identity_schema_version": 0,
          "private": "eyJlMmJmYjczMC1lY2FhLTExZTYtOGY4OC0zNDM2M2JjN2M0YzAiOnsiY3JlYXRlIjo2MDAwMDAwMDAwMDAsImRlbGV0ZSI6OTAwMDAwMDAwMDAwfSwic2NoZW1hX3ZlcnNpb24iOiIxIn0=",
          "dependencies": [
            "aws_security_group.bastion",
            "aws_vpc.main"
          ]
        }
      ]
    },
    {
      "mode": "managed",
      "type": "aws_subnet",
      "name": "private",
      "provider": "provider[\"registry.terraform.io/hashicorp/aws\"]",
      "instances": [
        {
          "index_key": 0,
          "schema_version": 1,
          "attributes": {
            "arn": "arn:aws:ec2:ap-northeast-2:916491575739:subnet/subnet-0a855a0963eb5876d",
            "assign_ipv6_address_on_creation": false,
            "availability_zone": "ap-northeast-2a",
            "availability_zone_id": "apne2-az1",
            "cidr_block": "10.0.11.0/24",
            "customer_owned_ipv4_pool": "",
            "enable_dns64": false,
            "enable_lni_at_device_index": 0,
            "enable_resource_name_dns_a_record_on_launch": false,
            "enable_resource_name_dns_aaaa_record_on_launch": false,
            "id": "subnet-0a855a0963eb5876d",
            "ipv6_cidr_block": "",
            "ipv6_cidr_block_association_id": "",
            "ipv6_native": false,
            "map_customer_owned_ip_on_launch": false,
            "map_public_ip_on_launch": false,
            "outpost_arn": "",
            "owner_id": "916491575739",
            "private_dns_hostname_type_on_launch": "ip-name",
            "tags": {
              "Kubernetes.io/role/internal-elb": "1",
              "Name": "my-eks-5-private-subnet-ap-northeast-2a"
            },
            "tags_all": {
              "Kubernetes.io/role/internal-elb": "1",
              "Name": "my-eks-5-private-subnet-ap-northeast-2a"
            },
            "timeouts": null,
            "vpc_id": "vpc-023194704e7569d69"
          },
          "sensitive_attributes": [],
          "identity_schema_version": 0,
          "private": "eyJlMmJmYjczMC1lY2FhLTExZTYtOGY4OC0zNDM2M2JjN2M0YzAiOnsiY3JlYXRlIjo2MDAwMDAwMDAwMDAsImRlbGV0ZSI6MTIwMDAwMDAwMDAwMH0sInNjaGVtYV92ZXJzaW9uIjoiMSJ9",
          "dependencies": [
            "aws_vpc.main",
            "data.aws_availability_zones.available"
          ]
        },
        {
          "index_key": 1,
          "schema_version": 1,
          "attributes": {
            "arn": "arn:aws:ec2:ap-northeast-2:916491575739:subnet/subnet-079467ab7a480a790",
            "assign_ipv6_address_on_creation": false,
            "availability_zone": "ap-northeast-2b",
            "availability_zone_id": "apne2-az2",
            "cidr_block": "10.0.12.0/24",
            "customer_owned_ipv4_pool": "",
            "enable_dns64": false,
            "enable_lni_at_device_index": 0,
            "enable_resource_name_dns_a_record_on_launch": false,
            "enable_resource_name_dns_aaaa_record_on_launch": false,
            "id": "subnet-079467ab7a480a790",
            "ipv6_cidr_block": "",
            "ipv6_cidr_block_association_id": "",
            "ipv6_native": false,
            "map_customer_owned_ip_on_launch": false,
            "map_public_ip_on_launch": false,
            "outpost_arn": "",
            "owner_id": "916491575739",
            "private_dns_hostname_type_on_launch": "ip-name",
            "tags": {
              "Kubernetes.io/role/internal-elb": "1",
              "Name": "my-eks-5-private-subnet-ap-northeast-2b"
            },
            "tags_all": {
              "Kubernetes.io/role/internal-elb": "1",
              "Name": "my-eks-5-private-subnet-ap-northeast-2b"
            },
            "timeouts": null,
            "vpc_id": "vpc-023194704e7569d69"
          },
          "sensitive_attributes": [],
          "identity_schema_version": 0,
          "private": "eyJlMmJmYjczMC1lY2FhLTExZTYtOGY4OC0zNDM2M2JjN2M0YzAiOnsiY3JlYXRlIjo2MDAwMDAwMDAwMDAsImRlbGV0ZSI6MTIwMDAwMDAwMDAwMH0sInNjaGVtYV92ZXJzaW9uIjoiMSJ9",
          "dependencies": [
            "aws_vpc.main",
            "data.aws_availability_zones.available"
          ]
        }
      ]
    },
    {
      "mode": "managed",
      "type": "aws_subnet",
      "name": "public",
      "provider": "provider[\"registry.terraform.io/hashicorp/aws\"]",
      "instances": [
        {
          "index_key": 0,
          "schema_version": 1,
          "attributes": {
            "arn": "arn:aws:ec2:ap-northeast-2:916491575739:subnet/subnet-007a85d1e95026eab",
            "assign_ipv6_address_on_creation": false,
            "availability_zone": "ap-northeast-2a",
            "availability_zone_id": "apne2-az1",
            "cidr_block": "10.0.1.0/24",
            "customer_owned_ipv4_pool": "",
            "enable_dns64": false,
            "enable_lni_at_device_index": 0,
            "enable_resource_name_dns_a_record_on_launch": false,
            "enable_resource_name_dns_aaaa_record_on_launch": false,
            "id": "subnet-007a85d1e95026eab",
            "ipv6_cidr_block": "",
            "ipv6_cidr_block_association_id": "",
            "ipv6_native": false,
            "map_customer_owned_ip_on_launch": false,
            "map_public_ip_on_launch": true,
            "outpost_arn": "",
            "owner_id": "916491575739",
            "private_dns_hostname_type_on_launch": "ip-name",
            "tags": {
              "Kubernetes.io/role/elb": "1",
              "Name": "my-eks-5-public-subnet-ap-northeast-2a"
            },
            "tags_all": {
              "Kubernetes.io/role/elb": "1",
              "Name": "my-eks-5-public-subnet-ap-northeast-2a"
            },
            "timeouts": null,
            "vpc_id": "vpc-023194704e7569d69"
          },
          "sensitive_attributes": [],
          "identity_schema_version": 0,
          "private": "eyJlMmJmYjczMC1lY2FhLTExZTYtOGY4OC0zNDM2M2JjN2M0YzAiOnsiY3JlYXRlIjo2MDAwMDAwMDAwMDAsImRlbGV0ZSI6MTIwMDAwMDAwMDAwMH0sInNjaGVtYV92ZXJzaW9uIjoiMSJ9",
          "dependencies": [
            "aws_vpc.main",
            "data.aws_availability_zones.available"
          ]
        },
        {
          "index_key": 1,
          "schema_version": 1,
          "attributes": {
            "arn": "arn:aws:ec2:ap-northeast-2:916491575739:subnet/subnet-0573561b38fa1c21d",
            "assign_ipv6_address_on_creation": false,
            "availability_zone": "ap-northeast-2b",
            "availability_zone_id": "apne2-az2",
            "cidr_block": "10.0.2.0/24",
            "customer_owned_ipv4_pool": "",
            "enable_dns64": false,
            "enable_lni_at_device_index": 0,
            "enable_resource_name_dns_a_record_on_launch": false,
            "enable_resource_name_dns_aaaa_record_on_launch": false,
            "id": "subnet-0573561b38fa1c21d",
            "ipv6_cidr_block": "",
            "ipv6_cidr_block_association_id": "",
            "ipv6_native": false,
            "map_customer_owned_ip_on_launch": false,
            "map_public_ip_on_launch": true,
            "outpost_arn": "",
            "owner_id": "916491575739",
            "private_dns_hostname_type_on_launch": "ip-name",
            "tags": {
              "Kubernetes.io/role/elb": "1",
              "Name": "my-eks-5-public-subnet-ap-northeast-2b"
            },
            "tags_all": {
              "Kubernetes.io/role/elb": "1",
              "Name": "my-eks-5-public-subnet-ap-northeast-2b"
            },
            "timeouts": null,
            "vpc_id": "vpc-023194704e7569d69"
          },
          "sensitive_attributes": [],
          "identity_schema_version": 0,
          "private": "eyJlMmJmYjczMC1lY2FhLTExZTYtOGY4OC0zNDM2M2JjN2M0YzAiOnsiY3JlYXRlIjo2MDAwMDAwMDAwMDAsImRlbGV0ZSI6MTIwMDAwMDAwMDAwMH0sInNjaGVtYV92ZXJzaW9uIjoiMSJ9",
          "dependencies": [
            "aws_vpc.main",
            "data.aws_availability_zones.available"
          ]
        }
      ]
    },
    {
      "mode": "managed",
      "type": "aws_vpc",
      "name": "main",
      "provider": "provider[\"registry.terraform.io/hashicorp/aws\"]",
      "instances": [
        {
          "schema_version": 1,
          "attributes": {
            "arn": "arn:aws:ec2:ap-northeast-2:916491575739:vpc/vpc-023194704e7569d69",
            "assign_generated_ipv6_cidr_block": false,
            "cidr_block": "10.0.0.0/16",
            "default_network_acl_id": "acl-09fa487dae55b6cc3",
            "default_route_table_id": "rtb-0e7f032dba1ce74af",
            "default_security_group_id": "sg-05d002605362edd61",
            "dhcp_options_id": "dopt-046bcd965a406daa4",
            "enable_dns_hostnames": true,
            "enable_dns_support": true,
            "enable_network_address_usage_metrics": false,
            "id": "vpc-023194704e7569d69",
            "instance_tenancy": "default",
            "ipv4_ipam_pool_id": null,
            "ipv4_netmask_length": null,
            "ipv6_association_id": "",
            "ipv6_cidr_block": "",
            "ipv6_cidr_block_network_border_group": "",
            "ipv6_ipam_pool_id": "",
            "ipv6_netmask_length": 0,
            "main_route_table_id": "rtb-0e7f032dba1ce74af",
            "owner_id": "916491575739",
            "tags": {
              "Names": "my-eks-5-vpc"
            },
            "tags_all": {
              "Names": "my-eks-5-vpc"
            }
          },
          "sensitive_attributes": [],
          "identity_schema_version": 0,
          "private": "eyJzY2hlbWFfdmVyc2lvbiI6IjEifQ=="
        }
      ]
    },
    {
      "mode": "managed",
      "type": "local_file",
      "name": "private_key",
      "provider": "provider[\"registry.terraform.io/hashicorp/local\"]",
      "instances": [
        {
          "schema_version": 0,
          "attributes": {
            "content": "-----BEGIN RSA PRIVATE KEY-----\nMIIJJwIBAAKCAgEA2dZlW51T1eV/CUOTDDfG8ayI/5/PQk4DPWz9+Cfq90Xj1AcG\n3sBLqTiZCgej5BIqp78/sK/7JlSEWhO/fxYj9Kw3rqsSjUYOouW+ZvX/aVswxxKY\npG+DrWK+uyU5pjIihfSBrmVhRvfV0bLJ/q1LU//uUiX6gk7VIG+9qQE5lTVBqEXO\nLVf9GMHkpBbti37b6ZFeav7Nxgig6rDL7k1Z3d4cNiXBS1/2RkS5/a4R/aXKI4q9\n/G4QLKJvb2gOMW7VmeUAU8UbwXkz3duJAkviKNdaBs/g/xbmAjBG/EyL+Qw5a6Ta\nQmYnz/LWNMzeOX1GnsKKvbmvehhaNC4j31GV01i+Xd44FeSwWRqpajwXdnivQuFE\nWRjN/SKWwvDrTa8mXazfrhkcUAUvFte139cFYhhg+93IX9uChL5tERYmAoCfUNJA\nsS4EkJAQpHqblx6xG8aodGyOctKLS3Nwbxg3c465h3H8ld+zPSmrB7gLeUlKEqkH\njlzVdyD/jjDOlcfjxiXUKb/XKJspTvvXNXjYvndjXn+DJIs3PyBscQn7DtrbNCvk\nPg0u4PVlaGhD1Yzr4+yMqynwMrjDANQrHeH1CHOfoiYDlBNWc82vFzLplU2aY8NI\nxK/GCnET9W5s7oaIf3yMURvMOt6lwEDfftzpt1T0CIeAIl/hdfHiwcVIgNcCAwEA\nAQKCAgAFRtO6teNnfYEnxMrFk35OsVq6MnFPTlt2u/Kk9baT2c4Mf0UT1T2f8j6G\nxyuZpTUCTjgpPAIN6iMwmWTcm7kwPpG0ufEfmfBV0tHbZZ8TusFCOTmYVhku9ILh\nPqQYWgOLEiKoCk2ibfNwem+5KxJ1jPAFbmUUjftMp1hFRUHTUvBtto8pewWm+V9j\n+Cg15lNGY56RYe2zG9dmB/VQpvAD11MAnsaBYGgzSIvm0LYf2km8taoneLUMl7yy\nSqd5XBFxgmIRJWeoNprih2RYuWTXj2vfWV6+XxwgNnIpv2Lum/SyHlKpJBdXyq6U\npdfGNbols1mwAdT11KwusmVtDeleo0d/RBMGuEcUiVoTWJ/GcMhypPfbcfMWBf3/\ndRB7IgepGNWSfDL5VeB8ufyFMKeJ70h/fT/KyQ2YjHjcMPtA4cPgtuE5Vyy0GL58\nsG48Mpbr2ELcyGUuI3MiHZxSjOSQMpyKt5Lzn61r64e5PiRZhkk/tdGNxk+wLnWP\nzeF+sk2XXkrI8lF19M959AmzEEXlayBrX/GEPnlk+vmQcoO4WmKNB/G1T019dHft\njQ4LaKf3WABx3ASxnPKpP/ndJg1a1JCcGUXJ14PLJ4ACTmmOEVrzoV7lMDPybbBk\nK0/oQQT21yt4R0V7P02liKV0puGr0mIyqXFi0r4IrV3VtayaDQKCAQEA9MG/BSw3\npcl+Jx6984ouFwlrMjMRvkroDCs9BvkqBYVXPKnDI4kQ0TYfemh6Ktd7NixquIIl\nYiVNX35I/+wDrv35LYcrmC+MQFhP/TaL0mXV4RsLd+MdwLc27zf73GHPqBbYqtvv\nwA4mSsgY4D7ot+wSrOOo+90QTVCstfW5oyMArCCzypZZ6IAdAxwhmFeW/Ti/ec+6\nF5+X+ouy+xqzBwrVN2twJrAA1TWbiWJjwBsAR7VWvOdacjFkG2v1VQbTX/RngqJy\nD7FVL+ucB7tXQiWU70UnV5LXoZ7ZfacsCDP7W7BpAFpn0p6RZKX5yJPgwUe0yZZW\n089OXAfiAfRoRQKCAQEA49gWfbnmlQv5mgY/KK75wgTBcYvuSeWydu47e34pYrU+\nJ4koMbtQe1vNR6daCJ/6lgVawtxGbqjUqzktOOgETHfm4Zw3to+M/NGomaCb5U95\n9EY06GtjKK761jsqY+OnvjOFjqjNDAtkmw20Fd6EsX6TNEv0PIgV2cWTcHpuCSGU\njUT1lBvqT2qVd3TVJr1al8in1UKA8uJ8HNcUUcWxCUl9mFqbleXhBPPjnG0Z9jME\nD/OnPSG8//kwkyeieftec/Ndz9MgB7w7rSM4VtLkUXCeE2KWUFtpX/mwBl52T15L\ngSlmfvsNsxxA9GpVX24n181gx/v5fEpd3Yh1P9n8awKCAQBlPgNq+1hlboyNWA0Q\nwXbBNrctw6wyP7/u0K/kw4pbUEW+pSY/+8GGGNI6ix8Fu66OwR7ABa27BF0WBCHk\nItd/OjUpXQFuaTSlpSIpRrfdpxwqikpbJAo5nk/N8iVvitIf4JttSZ7JndC/HDgW\nAk+3TKKI+3759/53TMi0V9mbHq53hOt6AGleYCggEjHfV1PwmNmzZHbAsNZn4AOA\nFRI69oMt8nYouqMNjqgw0w8Z9tFN2Dfx2e0y0TVslmKb8j/bMDjk85ck4KCxOs+G\n7zpv9SW/N6bHdclWZGPosw7mscHmsnksmTjbCZZwwKsrCehtauDghhySbu0l6mjV\nkCjVAoIBAAtvN8m9f6XxQOiK8bZ/+YbUKEUjiaTpwygW0qNi9H7Aq8reJkdAqExY\nkhfLfUg7hx7qS+DFnz9Ed8/UAcH+WuDfj5W4+k7OK3wwpW54UfqTH4Kz10nmwcYz\n6eDAfWMf9LYl7cj4DbpSBA2IBYancS9bM9YHDc3P4pDYSor1ifopVkQ0tsJlGEA+\nEBw7n8re6+H8LvgT61bFKQdlf96OtlDKAGSZ/37pV36hIsYh75CchNKsHrOBsvOB\ntP9dmNjYVagqCYY5iTz6JGCPCO/Ki6zOoxBD/VkxDTvE0yGuse9PwyhLRJqQzOI1\nQ8lAYOJ2K8e3xeija6TiMo3AoGnA7dsCggEAVi80Ffj3Zvq6Ld4/qk+mXNbRAv8G\nukL6vTwDkZDomyHZP6D4QYYhn+JtgklhAMFrd3t92tcs2TvBR0N33fH7NK0UNEH+\nViw/c1l/+6Bt+A+kMt0Eh1Du031p19QAr/gut6B9fTuMgB3dr8UDsnzyNgP9naF5\nseh7zCXxHh3aFSePQqHLZ7oHYt0MAiSKnwz2cNfRaMHcHhArtXE3c1BQ02X9t77O\nuwASyAWygLNdgblVrqj3uCnxwTrnx3myClTzVB2/HoXDC0ncFJXhAX+eOfLo4nki\nM4fp+39WgCL5fMCZmQYdedNBfK1i5hy9cXPdGiuXS5MIckevC1yiKTJgzw==\n-----END RSA PRIVATE KEY-----\n",
            "content_base64": null,
            "content_base64sha256": "XPPJ75rQrxhR+chGF9neQx8RwWAHWr5nOntymx+kiSc=",
            "content_base64sha512": "JkxbKBeIPZHBoAQjg4ZSdw8yq+G2btSbEYPM9rKyRlriZu9gAH7avcG2WLv1hhCGiIkKb1hDhxKiRApwAlbHaw==",
            "content_md5": "a638468fd0cb64e657dd1723c2329598",
            "content_sha1": "a130010735b5e983274b0727290cc54247b27be3",
            "content_sha256": "5cf3c9ef9ad0af1851f9c84617d9de431f11c160075abe673a7b729b1fa48927",
            "content_sha512": "264c5b2817883d91c1a00423838652770f32abe1b66ed49b1183ccf6b2b2465ae266ef60007edabdc1b658bbf586108688890a6f58438712a2440a700256c76b",
            "directory_permission": "0777",
            "file_permission": "0400",
            "filename": "./my-eks-5-key.pem-5",
            "id": "a130010735b5e983274b0727290cc54247b27be3",
            "sensitive_content": null,
            "source": null
          },
          "sensitive_attributes": [
            [
              {
                "type": "get_attr",
                "value": "content"
              }
            ],
            [
              {
                "type": "get_attr",
                "value": "sensitive_content"
              }
            ]
          ],
          "identity_schema_version": 0,
          "dependencies": [
            "tls_private_key.ssh_key"
          ]
        }
      ]
    },
    {
      "mode": "managed",
      "type": "tls_private_key",
      "name": "ssh_key",
      "provider": "provider[\"registry.terraform.io/hashicorp/tls\"]",
      "instances": [
        {
          "schema_version": 1,
          "attributes": {
            "algorithm": "RSA",
            "ecdsa_curve": "P224",
            "id": "16cd142dc4dd2703dbe7e7611a1a3c21e04b1452",
            "private_key_openssh": "-----BEGIN OPENSSH PRIVATE KEY-----\nb3BlbnNzaC1rZXktdjEAAAAABG5vbmUAAAAEbm9uZQAAAAAAAAABAAACFwAAAAdz\nc2gtcnNhAAAAAwEAAQAAAgEA2dZlW51T1eV/CUOTDDfG8ayI/5/PQk4DPWz9+Cfq\n90Xj1AcG3sBLqTiZCgej5BIqp78/sK/7JlSEWhO/fxYj9Kw3rqsSjUYOouW+ZvX/\naVswxxKYpG+DrWK+uyU5pjIihfSBrmVhRvfV0bLJ/q1LU//uUiX6gk7VIG+9qQE5\nlTVBqEXOLVf9GMHkpBbti37b6ZFeav7Nxgig6rDL7k1Z3d4cNiXBS1/2RkS5/a4R\n/aXKI4q9/G4QLKJvb2gOMW7VmeUAU8UbwXkz3duJAkviKNdaBs/g/xbmAjBG/EyL\n+Qw5a6TaQmYnz/LWNMzeOX1GnsKKvbmvehhaNC4j31GV01i+Xd44FeSwWRqpajwX\ndnivQuFEWRjN/SKWwvDrTa8mXazfrhkcUAUvFte139cFYhhg+93IX9uChL5tERYm\nAoCfUNJAsS4EkJAQpHqblx6xG8aodGyOctKLS3Nwbxg3c465h3H8ld+zPSmrB7gL\neUlKEqkHjlzVdyD/jjDOlcfjxiXUKb/XKJspTvvXNXjYvndjXn+DJIs3PyBscQn7\nDtrbNCvkPg0u4PVlaGhD1Yzr4+yMqynwMrjDANQrHeH1CHOfoiYDlBNWc82vFzLp\nlU2aY8NIxK/GCnET9W5s7oaIf3yMURvMOt6lwEDfftzpt1T0CIeAIl/hdfHiwcVI\ngNcAAAc4wYvNScGLzUkAAAAHc3NoLXJzYQAAAgEA2dZlW51T1eV/CUOTDDfG8ayI\n/5/PQk4DPWz9+Cfq90Xj1AcG3sBLqTiZCgej5BIqp78/sK/7JlSEWhO/fxYj9Kw3\nrqsSjUYOouW+ZvX/aVswxxKYpG+DrWK+uyU5pjIihfSBrmVhRvfV0bLJ/q1LU//u\nUiX6gk7VIG+9qQE5lTVBqEXOLVf9GMHkpBbti37b6ZFeav7Nxgig6rDL7k1Z3d4c\nNiXBS1/2RkS5/a4R/aXKI4q9/G4QLKJvb2gOMW7VmeUAU8UbwXkz3duJAkviKNda\nBs/g/xbmAjBG/EyL+Qw5a6TaQmYnz/LWNMzeOX1GnsKKvbmvehhaNC4j31GV01i+\nXd44FeSwWRqpajwXdnivQuFEWRjN/SKWwvDrTa8mXazfrhkcUAUvFte139cFYhhg\n+93IX9uChL5tERYmAoCfUNJAsS4EkJAQpHqblx6xG8aodGyOctKLS3Nwbxg3c465\nh3H8ld+zPSmrB7gLeUlKEqkHjlzVdyD/jjDOlcfjxiXUKb/XKJspTvvXNXjYvndj\nXn+DJIs3PyBscQn7DtrbNCvkPg0u4PVlaGhD1Yzr4+yMqynwMrjDANQrHeH1CHOf\noiYDlBNWc82vFzLplU2aY8NIxK/GCnET9W5s7oaIf3yMURvMOt6lwEDfftzpt1T0\nCIeAIl/hdfHiwcVIgNcAAAADAQABAAACAAVG07q142d9gSfEysWTfk6xWroycU9O\nW3a78qT1tpPZzgx/RRPVPZ/yPobHK5mlNQJOOCk8Ag3qIzCZZNybuTA+kbS58R+Z\n8FXS0dtlnxO6wUI5OZhWGS70guE+pBhaA4sSIqgKTaJt83B6b7krEnWM8AVuZRSN\n+0ynWEVFQdNS8G22jyl7Bab5X2P4KDXmU0ZjnpFh7bMb12YH9VCm8APXUwCexoFg\naDNIi+bQth/aSby1qid4tQyXvLJKp3lcEXGCYhElZ6g2muKHZFi5ZNePa99ZXr5f\nHCA2cim/Yu6b9LIeUqkkF1fKrpSl18Y1uiWzWbAB1PXUrC6yZW0N6V6jR39EEwa4\nRxSJWhNYn8ZwyHKk99tx8xYF/f91EHsiB6kY1ZJ8MvlV4Hy5/IUwp4nvSH99P8rJ\nDZiMeNww+0Dhw+C24TlXLLQYvnywbjwyluvYQtzIZS4jcyIdnFKM5JAynIq3kvOf\nrWvrh7k+JFmGST+10Y3GT7AudY/N4X6yTZdeSsjyUXX0z3n0CbMQReVrIGtf8YQ+\neWT6+ZByg7haYo0H8bVPTX10d+2NDgtop/dYAHHcBLGc8qk/+d0mDVrUkJwZRcnX\ng8sngAJOaY4RWvOhXuUwM/JtsGQrT+hBBPbXK3hHRXs/TaWIpXSm4avSYjKpcWLS\nvgitXdW1rJoNAAABAFYvNBX492b6ui3eP6pPplzW0QL/BrpC+r08A5GQ6Jsh2T+g\n+EGGIZ/ibYJJYQDBa3d7fdrXLNk7wUdDd93x+zStFDRB/lYsP3NZf/ugbfgPpDLd\nBIdQ7tN9adfUAK/4LregfX07jIAd3a/FA7J88jYD/Z2hebHoe8wl8R4d2hUnj0Kh\ny2e6B2LdDAIkip8M9nDX0WjB3B4QK7VxN3NQUNNl/be+zrsAEsgFsoCzXYG5Va6o\n97gp8cE658d5sgpU81Qdvx6FwwtJ3BSV4QF/njny6OJ5IjOH6ft/VoAi+XzAmZkG\nHXnTQXytYuYcvXFz3Rorl0uTCHJHrwtcoikyYM8AAAEBAPTBvwUsN6XJficevfOK\nLhcJazIzEb5K6AwrPQb5KgWFVzypwyOJENE2H3poeirXezYsariCJWIlTV9+SP/s\nA679+S2HK5gvjEBYT/02i9Jl1eEbC3fjHcC3Nu83+9xhz6gW2Krb78AOJkrIGOA+\n6LfsEqzjqPvdEE1QrLX1uaMjAKwgs8qWWeiAHQMcIZhXlv04v3nPuhefl/qLsvsa\nswcK1TdrcCawANU1m4liY8AbAEe1VrznWnIxZBtr9VUG01/0Z4Kicg+xVS/rnAe7\nV0IllO9FJ1eS16Ge2X2nLAgz+1uwaQBaZ9KekWSl+ciT4MFHtMmWVtPPTlwH4gH0\naEUAAAEBAOPYFn255pUL+ZoGPyiu+cIEwXGL7knlsnbuO3t+KWK1PieJKDG7UHtb\nzUenWgif+pYFWsLcRm6o1Ks5LTjoBEx35uGcN7aPjPzRqJmgm+VPefRGNOhrYyiu\n+tY7KmPjp74zhY6ozQwLZJsNtBXehLF+kzRL9DyIFdnFk3B6bgkhlI1E9ZQb6k9q\nlXd01Sa9WpfIp9VCgPLifBzXFFHFsQlJfZham5Xl4QTz45xtGfYzBA/zpz0hvP/5\nMJMnonn7XnPzXc/TIAe8O60jOFbS5FFwnhNillBbaV/5sAZedk9eS4EpZn77DbMc\nQPRqVV9uJ9fNYMf7+XxKXd2IdT/Z/GsAAAAAAQID\n-----END OPENSSH PRIVATE KEY-----\n",
            "private_key_pem": "-----BEGIN RSA PRIVATE KEY-----\nMIIJJwIBAAKCAgEA2dZlW51T1eV/CUOTDDfG8ayI/5/PQk4DPWz9+Cfq90Xj1AcG\n3sBLqTiZCgej5BIqp78/sK/7JlSEWhO/fxYj9Kw3rqsSjUYOouW+ZvX/aVswxxKY\npG+DrWK+uyU5pjIihfSBrmVhRvfV0bLJ/q1LU//uUiX6gk7VIG+9qQE5lTVBqEXO\nLVf9GMHkpBbti37b6ZFeav7Nxgig6rDL7k1Z3d4cNiXBS1/2RkS5/a4R/aXKI4q9\n/G4QLKJvb2gOMW7VmeUAU8UbwXkz3duJAkviKNdaBs/g/xbmAjBG/EyL+Qw5a6Ta\nQmYnz/LWNMzeOX1GnsKKvbmvehhaNC4j31GV01i+Xd44FeSwWRqpajwXdnivQuFE\nWRjN/SKWwvDrTa8mXazfrhkcUAUvFte139cFYhhg+93IX9uChL5tERYmAoCfUNJA\nsS4EkJAQpHqblx6xG8aodGyOctKLS3Nwbxg3c465h3H8ld+zPSmrB7gLeUlKEqkH\njlzVdyD/jjDOlcfjxiXUKb/XKJspTvvXNXjYvndjXn+DJIs3PyBscQn7DtrbNCvk\nPg0u4PVlaGhD1Yzr4+yMqynwMrjDANQrHeH1CHOfoiYDlBNWc82vFzLplU2aY8NI\nxK/GCnET9W5s7oaIf3yMURvMOt6lwEDfftzpt1T0CIeAIl/hdfHiwcVIgNcCAwEA\nAQKCAgAFRtO6teNnfYEnxMrFk35OsVq6MnFPTlt2u/Kk9baT2c4Mf0UT1T2f8j6G\nxyuZpTUCTjgpPAIN6iMwmWTcm7kwPpG0ufEfmfBV0tHbZZ8TusFCOTmYVhku9ILh\nPqQYWgOLEiKoCk2ibfNwem+5KxJ1jPAFbmUUjftMp1hFRUHTUvBtto8pewWm+V9j\n+Cg15lNGY56RYe2zG9dmB/VQpvAD11MAnsaBYGgzSIvm0LYf2km8taoneLUMl7yy\nSqd5XBFxgmIRJWeoNprih2RYuWTXj2vfWV6+XxwgNnIpv2Lum/SyHlKpJBdXyq6U\npdfGNbols1mwAdT11KwusmVtDeleo0d/RBMGuEcUiVoTWJ/GcMhypPfbcfMWBf3/\ndRB7IgepGNWSfDL5VeB8ufyFMKeJ70h/fT/KyQ2YjHjcMPtA4cPgtuE5Vyy0GL58\nsG48Mpbr2ELcyGUuI3MiHZxSjOSQMpyKt5Lzn61r64e5PiRZhkk/tdGNxk+wLnWP\nzeF+sk2XXkrI8lF19M959AmzEEXlayBrX/GEPnlk+vmQcoO4WmKNB/G1T019dHft\njQ4LaKf3WABx3ASxnPKpP/ndJg1a1JCcGUXJ14PLJ4ACTmmOEVrzoV7lMDPybbBk\nK0/oQQT21yt4R0V7P02liKV0puGr0mIyqXFi0r4IrV3VtayaDQKCAQEA9MG/BSw3\npcl+Jx6984ouFwlrMjMRvkroDCs9BvkqBYVXPKnDI4kQ0TYfemh6Ktd7NixquIIl\nYiVNX35I/+wDrv35LYcrmC+MQFhP/TaL0mXV4RsLd+MdwLc27zf73GHPqBbYqtvv\nwA4mSsgY4D7ot+wSrOOo+90QTVCstfW5oyMArCCzypZZ6IAdAxwhmFeW/Ti/ec+6\nF5+X+ouy+xqzBwrVN2twJrAA1TWbiWJjwBsAR7VWvOdacjFkG2v1VQbTX/RngqJy\nD7FVL+ucB7tXQiWU70UnV5LXoZ7ZfacsCDP7W7BpAFpn0p6RZKX5yJPgwUe0yZZW\n089OXAfiAfRoRQKCAQEA49gWfbnmlQv5mgY/KK75wgTBcYvuSeWydu47e34pYrU+\nJ4koMbtQe1vNR6daCJ/6lgVawtxGbqjUqzktOOgETHfm4Zw3to+M/NGomaCb5U95\n9EY06GtjKK761jsqY+OnvjOFjqjNDAtkmw20Fd6EsX6TNEv0PIgV2cWTcHpuCSGU\njUT1lBvqT2qVd3TVJr1al8in1UKA8uJ8HNcUUcWxCUl9mFqbleXhBPPjnG0Z9jME\nD/OnPSG8//kwkyeieftec/Ndz9MgB7w7rSM4VtLkUXCeE2KWUFtpX/mwBl52T15L\ngSlmfvsNsxxA9GpVX24n181gx/v5fEpd3Yh1P9n8awKCAQBlPgNq+1hlboyNWA0Q\nwXbBNrctw6wyP7/u0K/kw4pbUEW+pSY/+8GGGNI6ix8Fu66OwR7ABa27BF0WBCHk\nItd/OjUpXQFuaTSlpSIpRrfdpxwqikpbJAo5nk/N8iVvitIf4JttSZ7JndC/HDgW\nAk+3TKKI+3759/53TMi0V9mbHq53hOt6AGleYCggEjHfV1PwmNmzZHbAsNZn4AOA\nFRI69oMt8nYouqMNjqgw0w8Z9tFN2Dfx2e0y0TVslmKb8j/bMDjk85ck4KCxOs+G\n7zpv9SW/N6bHdclWZGPosw7mscHmsnksmTjbCZZwwKsrCehtauDghhySbu0l6mjV\nkCjVAoIBAAtvN8m9f6XxQOiK8bZ/+YbUKEUjiaTpwygW0qNi9H7Aq8reJkdAqExY\nkhfLfUg7hx7qS+DFnz9Ed8/UAcH+WuDfj5W4+k7OK3wwpW54UfqTH4Kz10nmwcYz\n6eDAfWMf9LYl7cj4DbpSBA2IBYancS9bM9YHDc3P4pDYSor1ifopVkQ0tsJlGEA+\nEBw7n8re6+H8LvgT61bFKQdlf96OtlDKAGSZ/37pV36hIsYh75CchNKsHrOBsvOB\ntP9dmNjYVagqCYY5iTz6JGCPCO/Ki6zOoxBD/VkxDTvE0yGuse9PwyhLRJqQzOI1\nQ8lAYOJ2K8e3xeija6TiMo3AoGnA7dsCggEAVi80Ffj3Zvq6Ld4/qk+mXNbRAv8G\nukL6vTwDkZDomyHZP6D4QYYhn+JtgklhAMFrd3t92tcs2TvBR0N33fH7NK0UNEH+\nViw/c1l/+6Bt+A+kMt0Eh1Du031p19QAr/gut6B9fTuMgB3dr8UDsnzyNgP9naF5\nseh7zCXxHh3aFSePQqHLZ7oHYt0MAiSKnwz2cNfRaMHcHhArtXE3c1BQ02X9t77O\nuwASyAWygLNdgblVrqj3uCnxwTrnx3myClTzVB2/HoXDC0ncFJXhAX+eOfLo4nki\nM4fp+39WgCL5fMCZmQYdedNBfK1i5hy9cXPdGiuXS5MIckevC1yiKTJgzw==\n-----END RSA PRIVATE KEY-----\n",
            "private_key_pem_pkcs8": "-----BEGIN PRIVATE KEY-----\nMIIJQQIBADANBgkqhkiG9w0BAQEFAASCCSswggknAgEAAoICAQDZ1mVbnVPV5X8J\nQ5MMN8bxrIj/n89CTgM9bP34J+r3RePUBwbewEupOJkKB6PkEiqnvz+wr/smVIRa\nE79/FiP0rDeuqxKNRg6i5b5m9f9pWzDHEpikb4OtYr67JTmmMiKF9IGuZWFG99XR\nssn+rUtT/+5SJfqCTtUgb72pATmVNUGoRc4tV/0YweSkFu2LftvpkV5q/s3GCKDq\nsMvuTVnd3hw2JcFLX/ZGRLn9rhH9pcojir38bhAsom9vaA4xbtWZ5QBTxRvBeTPd\n24kCS+Io11oGz+D/FuYCMEb8TIv5DDlrpNpCZifP8tY0zN45fUaewoq9ua96GFo0\nLiPfUZXTWL5d3jgV5LBZGqlqPBd2eK9C4URZGM39IpbC8OtNryZdrN+uGRxQBS8W\n17Xf1wViGGD73chf24KEvm0RFiYCgJ9Q0kCxLgSQkBCkepuXHrEbxqh0bI5y0otL\nc3BvGDdzjrmHcfyV37M9KasHuAt5SUoSqQeOXNV3IP+OMM6Vx+PGJdQpv9comylO\n+9c1eNi+d2Nef4Mkizc/IGxxCfsO2ts0K+Q+DS7g9WVoaEPVjOvj7IyrKfAyuMMA\n1Csd4fUIc5+iJgOUE1Zzza8XMumVTZpjw0jEr8YKcRP1bmzuhoh/fIxRG8w63qXA\nQN9+3Om3VPQIh4AiX+F18eLBxUiA1wIDAQABAoICAAVG07q142d9gSfEysWTfk6x\nWroycU9OW3a78qT1tpPZzgx/RRPVPZ/yPobHK5mlNQJOOCk8Ag3qIzCZZNybuTA+\nkbS58R+Z8FXS0dtlnxO6wUI5OZhWGS70guE+pBhaA4sSIqgKTaJt83B6b7krEnWM\n8AVuZRSN+0ynWEVFQdNS8G22jyl7Bab5X2P4KDXmU0ZjnpFh7bMb12YH9VCm8APX\nUwCexoFgaDNIi+bQth/aSby1qid4tQyXvLJKp3lcEXGCYhElZ6g2muKHZFi5ZNeP\na99ZXr5fHCA2cim/Yu6b9LIeUqkkF1fKrpSl18Y1uiWzWbAB1PXUrC6yZW0N6V6j\nR39EEwa4RxSJWhNYn8ZwyHKk99tx8xYF/f91EHsiB6kY1ZJ8MvlV4Hy5/IUwp4nv\nSH99P8rJDZiMeNww+0Dhw+C24TlXLLQYvnywbjwyluvYQtzIZS4jcyIdnFKM5JAy\nnIq3kvOfrWvrh7k+JFmGST+10Y3GT7AudY/N4X6yTZdeSsjyUXX0z3n0CbMQReVr\nIGtf8YQ+eWT6+ZByg7haYo0H8bVPTX10d+2NDgtop/dYAHHcBLGc8qk/+d0mDVrU\nkJwZRcnXg8sngAJOaY4RWvOhXuUwM/JtsGQrT+hBBPbXK3hHRXs/TaWIpXSm4avS\nYjKpcWLSvgitXdW1rJoNAoIBAQD0wb8FLDelyX4nHr3zii4XCWsyMxG+SugMKz0G\n+SoFhVc8qcMjiRDRNh96aHoq13s2LGq4giViJU1ffkj/7AOu/fkthyuYL4xAWE/9\nNovSZdXhGwt34x3AtzbvN/vcYc+oFtiq2+/ADiZKyBjgPui37BKs46j73RBNUKy1\n9bmjIwCsILPKllnogB0DHCGYV5b9OL95z7oXn5f6i7L7GrMHCtU3a3AmsADVNZuJ\nYmPAGwBHtVa851pyMWQba/VVBtNf9GeConIPsVUv65wHu1dCJZTvRSdXktehntl9\npywIM/tbsGkAWmfSnpFkpfnIk+DBR7TJllbTz05cB+IB9GhFAoIBAQDj2BZ9ueaV\nC/maBj8orvnCBMFxi+5J5bJ27jt7filitT4niSgxu1B7W81Hp1oIn/qWBVrC3EZu\nqNSrOS046ARMd+bhnDe2j4z80aiZoJvlT3n0RjToa2MorvrWOypj46e+M4WOqM0M\nC2SbDbQV3oSxfpM0S/Q8iBXZxZNwem4JIZSNRPWUG+pPapV3dNUmvVqXyKfVQoDy\n4nwc1xRRxbEJSX2YWpuV5eEE8+OcbRn2MwQP86c9Ibz/+TCTJ6J5+15z813P0yAH\nvDutIzhW0uRRcJ4TYpZQW2lf+bAGXnZPXkuBKWZ++w2zHED0alVfbifXzWDH+/l8\nSl3diHU/2fxrAoIBAGU+A2r7WGVujI1YDRDBdsE2ty3DrDI/v+7Qr+TDiltQRb6l\nJj/7wYYY0jqLHwW7ro7BHsAFrbsEXRYEIeQi1386NSldAW5pNKWlIilGt92nHCqK\nSlskCjmeT83yJW+K0h/gm21Jnsmd0L8cOBYCT7dMooj7fvn3/ndMyLRX2ZserneE\n63oAaV5gKCASMd9XU/CY2bNkdsCw1mfgA4AVEjr2gy3ydii6ow2OqDDTDxn20U3Y\nN/HZ7TLRNWyWYpvyP9swOOTzlyTgoLE6z4bvOm/1Jb83psd1yVZkY+izDuaxweay\neSyZONsJlnDAqysJ6G1q4OCGHJJu7SXqaNWQKNUCggEAC283yb1/pfFA6Irxtn/5\nhtQoRSOJpOnDKBbSo2L0fsCryt4mR0CoTFiSF8t9SDuHHupL4MWfP0R3z9QBwf5a\n4N+Plbj6Ts4rfDClbnhR+pMfgrPXSebBxjPp4MB9Yx/0tiXtyPgNulIEDYgFhqdx\nL1sz1gcNzc/ikNhKivWJ+ilWRDS2wmUYQD4QHDufyt7r4fwu+BPrVsUpB2V/3o62\nUMoAZJn/fulXfqEixiHvkJyE0qwes4Gy84G0/12Y2NhVqCoJhjmJPPokYI8I78qL\nrM6jEEP9WTENO8TTIa6x70/DKEtEmpDM4jVDyUBg4nYrx7fF6KNrpOIyjcCgacDt\n2wKCAQBWLzQV+Pdm+rot3j+qT6Zc1tEC/wa6Qvq9PAORkOibIdk/oPhBhiGf4m2C\nSWEAwWt3e33a1yzZO8FHQ3fd8fs0rRQ0Qf5WLD9zWX/7oG34D6Qy3QSHUO7TfWnX\n1ACv+C63oH19O4yAHd2vxQOyfPI2A/2doXmx6HvMJfEeHdoVJ49Coctnugdi3QwC\nJIqfDPZw19FowdweECu1cTdzUFDTZf23vs67ABLIBbKAs12BuVWuqPe4KfHBOufH\nebIKVPNUHb8ehcMLSdwUleEBf5458ujieSIzh+n7f1aAIvl8wJmZBh1500F8rWLm\nHL1xc90aK5dLkwhyR68LXKIpMmDP\n-----END PRIVATE KEY-----\n",
            "public_key_fingerprint_md5": "5f:45:78:13:15:39:6a:0c:c1:07:45:be:f8:8c:d2:b1",
            "public_key_fingerprint_sha256": "SHA256:RrRj1iCpHj3GX4Qu+GLXojHdHtD+5PFpFsNeK3n0DW8",
            "public_key_openssh": "ssh-rsa AAAAB3NzaC1yc2EAAAADAQABAAACAQDZ1mVbnVPV5X8JQ5MMN8bxrIj/n89CTgM9bP34J+r3RePUBwbewEupOJkKB6PkEiqnvz+wr/smVIRaE79/FiP0rDeuqxKNRg6i5b5m9f9pWzDHEpikb4OtYr67JTmmMiKF9IGuZWFG99XRssn+rUtT/+5SJfqCTtUgb72pATmVNUGoRc4tV/0YweSkFu2LftvpkV5q/s3GCKDqsMvuTVnd3hw2JcFLX/ZGRLn9rhH9pcojir38bhAsom9vaA4xbtWZ5QBTxRvBeTPd24kCS+Io11oGz+D/FuYCMEb8TIv5DDlrpNpCZifP8tY0zN45fUaewoq9ua96GFo0LiPfUZXTWL5d3jgV5LBZGqlqPBd2eK9C4URZGM39IpbC8OtNryZdrN+uGRxQBS8W17Xf1wViGGD73chf24KEvm0RFiYCgJ9Q0kCxLgSQkBCkepuXHrEbxqh0bI5y0otLc3BvGDdzjrmHcfyV37M9KasHuAt5SUoSqQeOXNV3IP+OMM6Vx+PGJdQpv9comylO+9c1eNi+d2Nef4Mkizc/IGxxCfsO2ts0K+Q+DS7g9WVoaEPVjOvj7IyrKfAyuMMA1Csd4fUIc5+iJgOUE1Zzza8XMumVTZpjw0jEr8YKcRP1bmzuhoh/fIxRG8w63qXAQN9+3Om3VPQIh4AiX+F18eLBxUiA1w==\n",
            "public_key_pem": "-----BEGIN PUBLIC KEY-----\nMIICIjANBgkqhkiG9w0BAQEFAAOCAg8AMIICCgKCAgEA2dZlW51T1eV/CUOTDDfG\n8ayI/5/PQk4DPWz9+Cfq90Xj1AcG3sBLqTiZCgej5BIqp78/sK/7JlSEWhO/fxYj\n9Kw3rqsSjUYOouW+ZvX/aVswxxKYpG+DrWK+uyU5pjIihfSBrmVhRvfV0bLJ/q1L\nU//uUiX6gk7VIG+9qQE5lTVBqEXOLVf9GMHkpBbti37b6ZFeav7Nxgig6rDL7k1Z\n3d4cNiXBS1/2RkS5/a4R/aXKI4q9/G4QLKJvb2gOMW7VmeUAU8UbwXkz3duJAkvi\nKNdaBs/g/xbmAjBG/EyL+Qw5a6TaQmYnz/LWNMzeOX1GnsKKvbmvehhaNC4j31GV\n01i+Xd44FeSwWRqpajwXdnivQuFEWRjN/SKWwvDrTa8mXazfrhkcUAUvFte139cF\nYhhg+93IX9uChL5tERYmAoCfUNJAsS4EkJAQpHqblx6xG8aodGyOctKLS3Nwbxg3\nc465h3H8ld+zPSmrB7gLeUlKEqkHjlzVdyD/jjDOlcfjxiXUKb/XKJspTvvXNXjY\nvndjXn+DJIs3PyBscQn7DtrbNCvkPg0u4PVlaGhD1Yzr4+yMqynwMrjDANQrHeH1\nCHOfoiYDlBNWc82vFzLplU2aY8NIxK/GCnET9W5s7oaIf3yMURvMOt6lwEDfftzp\nt1T0CIeAIl/hdfHiwcVIgNcCAwEAAQ==\n-----END PUBLIC KEY-----\n",
            "rsa_bits": 4096
          },
          "sensitive_attributes": [
            [
              {
                "type": "get_attr",
                "value": "private_key_openssh"
              }
            ],
            [
              {
                "type": "get_attr",
                "value": "private_key_pem"
              }
            ],
            [
              {
                "type": "get_attr",
                "value": "private_key_pem_pkcs8"
              }
            ]
          ],
          "identity_schema_version": 0
        }
      ]
    }
  ],
  "check_results": null
}
